PODS:
  - Capacitor (7.2.0):
    - CapacitorCordova
  - CapacitorCommunitySafeArea (7.0.0-alpha.1):
    - Capacitor
  - CapacitorCordova (7.2.0)
  - CapacitorStatusBar (7.0.1):
    - Capacitor

DEPENDENCIES:
  - "Capacitor (from `../../node_modules/@capacitor/ios`)"
  - "CapacitorCommunitySafeArea (from `../../node_modules/@capacitor-community/safe-area`)"
  - "CapacitorCordova (from `../../node_modules/@capacitor/ios`)"
  - "CapacitorStatusBar (from `../../node_modules/@capacitor/status-bar`)"

EXTERNAL SOURCES:
  Capacitor:
    :path: "../../node_modules/@capacitor/ios"
  CapacitorCommunitySafeArea:
    :path: "../../node_modules/@capacitor-community/safe-area"
  CapacitorCordova:
    :path: "../../node_modules/@capacitor/ios"
  CapacitorStatusBar:
    :path: "../../node_modules/@capacitor/status-bar"

SPEC CHECKSUMS:
  Capacitor: 03bc7cbdde6a629a8b910a9d7d78c3cc7ed09ea7
  CapacitorCommunitySafeArea: 3f049619072ab5d0da2529bcb05b358ff6c13dc1
  CapacitorCordova: 5967b9ba03915ef1d585469d6e31f31dc49be96f
  CapacitorStatusBar: 6e7af040d8fc4dd655999819625cae9c2d74c36f

PODFILE CHECKSUM: 67605b188bb06ee6ff2cb2c5e98238e9215867d0

COCOAPODS: 1.16.2
